{
  "name": "gatsby-source-itchio",
  "version": "0.1.0",
  "lockfileVersion": 1,
  "requires": true,
  "dependencies": {
    "axios": {
      "version": "0.18.0",
      "resolved": "https://registry.npmjs.org/axios/-/axios-0.18.0.tgz",
      "integrity": "sha1-MtU+SFHv3AoRmTts0AB4nXDAUQI=",
      "requires": {
        "follow-redirects": "^1.3.0",
        "is-buffer": "^1.1.5"
      }
    },
    "debug": {
      "version": "3.2.6",
      "resolved": "https://registry.npmjs.org/debug/-/debug-3.2.6.tgz",
      "integrity": "sha512-mel+jf7nrtEl5Pn1Qx46zARXKDpBbvzezse7p7LqINmdoIk8PYP5SySaxEmYv6TZ0JyEKA1hsCId6DIhgITtWQ==",
      "requires": {
        "ms": "^2.1.1"
      }
    },
    "decode-uri-component": {
      "version": "0.2.0",
      "resolved": "https://registry.npmjs.org/decode-uri-component/-/decode-uri-component-0.2.0.tgz",
      "integrity": "sha1-6zkTMzRYd1y4TNGh+uBiEGu4dUU="
    },
    "follow-redirects": {
      "version": "1.7.0",
      "resolved": "https://registry.npmjs.org/follow-redirects/-/follow-redirects-1.7.0.tgz",
      "integrity": "sha512-m/pZQy4Gj287eNy94nivy5wchN3Kp+Q5WgUPNy5lJSZ3sgkVKSYV/ZChMAQVIgx1SqfZ2zBZtPA2YlXIWxxJOQ==",
      "requires": {
        "debug": "^3.2.6"
      }
    },
    "is-buffer": {
      "version": "1.1.6",
      "resolved": "https://registry.npmjs.org/is-buffer/-/is-buffer-1.1.6.tgz",
      "integrity": "sha512-NcdALwpXkTm5Zvvbk7owOUSvVvBKDgKP5/ewfXEznmQFfs4ZRmanOeKBTjRVjka3QFoN6XJ+9F3USqfHqTaU5w=="
    },
    "ms": {
      "version": "2.1.1",
      "resolved": "https://registry.npmjs.org/ms/-/ms-2.1.1.tgz",
      "integrity": "sha512-tgp+dl5cGk28utYktBsrFqA7HKgrhgPsg6Z/EfhWI4gl1Hwq8B/GmY/0oXZ6nF8hDVesS/FpnYaD/kOWhYQvyg=="
    },
    "query-string": {
      "version": "6.3.0",
      "resolved": "https://registry.npmjs.org/query-string/-/query-string-6.3.0.tgz",
      "integrity": "sha512-jkpCkoHiAA2BYZvni5GieU3x860QDfkh2+M6bPnrYUywqOWbGwPq5VzntTS06ixX4GVHEiq2ZhlmGy/e9LQ3zA==",
      "requires": {
        "decode-uri-component": "^0.2.0",
        "strict-uri-encode": "^2.0.0"
      }
    },
    "strict-uri-encode": {
      "version": "2.0.0",
      "resolved": "https://registry.npmjs.org/strict-uri-encode/-/strict-uri-encode-2.0.0.tgz",
      "integrity": "sha1-ucczDHBChi9rFC3CdLvMWGbONUY="
    }
  }
}
